
Microsoft Visual Studio Solution File, Format Version 12.00
Project("{FAE04EC0-301F-11D3-BF4B-00C04F79EFBC}") = "TecNM.Proyecto.Core", "TecNM.Proyecto.Core\TecNM.Proyecto.Core.csproj", "{9A106405-FFF5-4E08-BE04-E721047E1078}"
EndProject
Project("{FAE04EC0-301F-11D3-BF4B-00C04F79EFBC}") = "TecNM.Proyecto.Api", "TecNM.Proyecto.Api\TecNM.Proyecto.Api.csproj", "{10B053D0-C7EB-4189-84C2-7FEFF549AAB9}"
EndProject
Global
	GlobalSection(SolutionConfigurationPlatforms) = preSolution
		Debug|Any CPU = Debug|Any CPU
		Release|Any CPU = Release|Any CPU
	EndGlobalSection
	GlobalSection(ProjectConfigurationPlatforms) = postSolution
		{9A106405-FFF5-4E08-BE04-E721047E1078}.Debug|Any CPU.ActiveCfg = Debug|Any CPU
		{9A106405-FFF5-4E08-BE04-E721047E1078}.Debug|Any CPU.Build.0 = Debug|Any CPU
		{9A106405-FFF5-4E08-BE04-E721047E1078}.Release|Any CPU.ActiveCfg = Release|Any CPU
		{9A106405-FFF5-4E08-BE04-E721047E1078}.Release|Any CPU.Build.0 = Release|Any CPU
		{10B053D0-C7EB-4189-84C2-7FEFF549AAB9}.Debug|Any CPU.ActiveCfg = Debug|Any CPU
		{10B053D0-C7EB-4189-84C2-7FEFF549AAB9}.Debug|Any CPU.Build.0 = Debug|Any CPU
		{10B053D0-C7EB-4189-84C2-7FEFF549AAB9}.Release|Any CPU.ActiveCfg = Release|Any CPU
		{10B053D0-C7EB-4189-84C2-7FEFF549AAB9}.Release|Any CPU.Build.0 = Release|Any CPU
	EndGlobalSection
EndGlobal
